
Microsoft Visual Studio Solution File, Format Version 11.00
# Visual Studio 2010
Project("{FAE04EC0-301F-11D3-BF4B-00C04F79EFBC}") = "Notes.Domain", "Notes.Domain\Notes.Domain.csproj", "{7B659F4F-9F94-4AC6-9BA8-8D9B85F18999}"
EndProject
Project("{FAE04EC0-301F-11D3-BF4B-00C04F79EFBC}") = "Notes.WebUI", "Notes.WebUI\Notes.WebUI.csproj", "{DBCC0FEC-67EA-4B20-828D-73FB41EFC6CA}"
EndProject
Project("{FAE04EC0-301F-11D3-BF4B-00C04F79EFBC}") = "Notes.WebUI.Tests", "Notes.WebUI.Tests\Notes.WebUI.Tests.csproj", "{503B82D6-E870-46EF-A654-ABA480F93F7E}"
EndProject
Global
	GlobalSection(SolutionConfigurationPlatforms) = preSolution
		Debug|Any CPU = Debug|Any CPU
		Release|Any CPU = Release|Any CPU
	EndGlobalSection
	GlobalSection(ProjectConfigurationPlatforms) = postSolution
		{7B659F4F-9F94-4AC6-9BA8-8D9B85F18999}.Debug|Any CPU.ActiveCfg = Debug|Any CPU
		{7B659F4F-9F94-4AC6-9BA8-8D9B85F18999}.Debug|Any CPU.Build.0 = Debug|Any CPU
		{7B659F4F-9F94-4AC6-9BA8-8D9B85F18999}.Release|Any CPU.ActiveCfg = Release|Any CPU
		{7B659F4F-9F94-4AC6-9BA8-8D9B85F18999}.Release|Any CPU.Build.0 = Release|Any CPU
		{DBCC0FEC-67EA-4B20-828D-73FB41EFC6CA}.Debug|Any CPU.ActiveCfg = Debug|Any CPU
		{DBCC0FEC-67EA-4B20-828D-73FB41EFC6CA}.Debug|Any CPU.Build.0 = Debug|Any CPU
		{DBCC0FEC-67EA-4B20-828D-73FB41EFC6CA}.Release|Any CPU.ActiveCfg = Release|Any CPU
		{DBCC0FEC-67EA-4B20-828D-73FB41EFC6CA}.Release|Any CPU.Build.0 = Release|Any CPU
		{503B82D6-E870-46EF-A654-ABA480F93F7E}.Debug|Any CPU.ActiveCfg = Debug|Any CPU
		{503B82D6-E870-46EF-A654-ABA480F93F7E}.Debug|Any CPU.Build.0 = Debug|Any CPU
		{503B82D6-E870-46EF-A654-ABA480F93F7E}.Release|Any CPU.ActiveCfg = Release|Any CPU
		{503B82D6-E870-46EF-A654-ABA480F93F7E}.Release|Any CPU.Build.0 = Release|Any CPU
	EndGlobalSection
	GlobalSection(SolutionProperties) = preSolution
		HideSolutionNode = FALSE
	EndGlobalSection
EndGlobal
